
Microsoft Visual Studio Solution File, Format Version 12.00
# Visual Studio 15
VisualStudioVersion = 15.0.28307.271
MinimumVisualStudioVersion = 10.0.40219.1
Project("{FAE04EC0-301F-11D3-BF4B-00C04F79EFBC}") = "XamarinAzureFunctions.Android", "XamarinAzureFunctions\XamarinAzureFunctions.Android\XamarinAzureFunctions.Android.csproj", "{8631B20C-C137-4704-AEEA-C7BA9321FFB4}"
EndProject
Project("{FAE04EC0-301F-11D3-BF4B-00C04F79EFBC}") = "XamarinAzureFunctions", "XamarinAzureFunctions\XamarinAzureFunctions\XamarinAzureFunctions.csproj", "{CE6A375E-CB6F-412D-89B1-FCD9534804A9}"
EndProject
Global
	GlobalSection(SolutionConfigurationPlatforms) = preSolution
		Debug|Any CPU = Debug|Any CPU
		Release|Any CPU = Release|Any CPU
	EndGlobalSection
	GlobalSection(ProjectConfigurationPlatforms) = postSolution
		{8631B20C-C137-4704-AEEA-C7BA9321FFB4}.Debug|Any CPU.ActiveCfg = Debug|Any CPU
		{8631B20C-C137-4704-AEEA-C7BA9321FFB4}.Debug|Any CPU.Build.0 = Debug|Any CPU
		{8631B20C-C137-4704-AEEA-C7BA9321FFB4}.Debug|Any CPU.Deploy.0 = Debug|Any CPU
		{8631B20C-C137-4704-AEEA-C7BA9321FFB4}.Release|Any CPU.ActiveCfg = Release|Any CPU
		{8631B20C-C137-4704-AEEA-C7BA9321FFB4}.Release|Any CPU.Build.0 = Release|Any CPU
		{8631B20C-C137-4704-AEEA-C7BA9321FFB4}.Release|Any CPU.Deploy.0 = Release|Any CPU
		{CE6A375E-CB6F-412D-89B1-FCD9534804A9}.Debug|Any CPU.ActiveCfg = Debug|Any CPU
		{CE6A375E-CB6F-412D-89B1-FCD9534804A9}.Debug|Any CPU.Build.0 = Debug|Any CPU
		{CE6A375E-CB6F-412D-89B1-FCD9534804A9}.Debug|Any CPU.Deploy.0 = Debug|Any CPU
		{CE6A375E-CB6F-412D-89B1-FCD9534804A9}.Release|Any CPU.ActiveCfg = Release|Any CPU
		{CE6A375E-CB6F-412D-89B1-FCD9534804A9}.Release|Any CPU.Build.0 = Release|Any CPU
		{CE6A375E-CB6F-412D-89B1-FCD9534804A9}.Release|Any CPU.Deploy.0 = Release|Any CPU
	EndGlobalSection
	GlobalSection(SolutionProperties) = preSolution
		HideSolutionNode = FALSE
	EndGlobalSection
	GlobalSection(ExtensibilityGlobals) = postSolution
		SolutionGuid = {5FAF0CC9-A3B6-41A3-B78C-A512D2E5578E}
	EndGlobalSection
EndGlobal
